
Microsoft Visual Studio Solution File, Format Version 12.00
# Visual Studio Version 16
VisualStudioVersion = 16.0.29509.3
MinimumVisualStudioVersion = 10.0.40219.1
Project("{FAE04EC0-301F-11D3-BF4B-00C04F79EFBC}") = "ConsoleApp_Testing", "ConsoleApp_Testing\ConsoleApp_Testing.csproj", "{9269829C-3B10-4C27-8532-A12FD0F5E62E}"
EndProject
Project("{FAE04EC0-301F-11D3-BF4B-00C04F79EFBC}") = "UnitTestProject1", "UnitTestProject1\UnitTestProject1.csproj", "{2FB33153-0998-42DD-87D0-7EA64BC928B5}"
EndProject
Global
	GlobalSection(SolutionConfigurationPlatforms) = preSolution
		Debug|Any CPU = Debug|Any CPU
		Debug|ARM = Debug|ARM
		Debug|ARM64 = Debug|ARM64
		Debug|x64 = Debug|x64
		Debug|x86 = Debug|x86
		Release|Any CPU = Release|Any CPU
		Release|ARM = Release|ARM
		Release|ARM64 = Release|ARM64
		Release|x64 = Release|x64
		Release|x86 = Release|x86
	EndGlobalSection
	GlobalSection(ProjectConfigurationPlatforms) = postSolution
		{9269829C-3B10-4C27-8532-A12FD0F5E62E}.Debug|Any CPU.ActiveCfg = Debug|Any CPU
		{9269829C-3B10-4C27-8532-A12FD0F5E62E}.Debug|Any CPU.Build.0 = Debug|Any CPU
		{9269829C-3B10-4C27-8532-A12FD0F5E62E}.Debug|ARM.ActiveCfg = Debug|Any CPU
		{9269829C-3B10-4C27-8532-A12FD0F5E62E}.Debug|ARM.Build.0 = Debug|Any CPU
		{9269829C-3B10-4C27-8532-A12FD0F5E62E}.Debug|ARM64.ActiveCfg = Debug|Any CPU
		{9269829C-3B10-4C27-8532-A12FD0F5E62E}.Debug|ARM64.Build.0 = Debug|Any CPU
		{9269829C-3B10-4C27-8532-A12FD0F5E62E}.Debug|x64.ActiveCfg = Debug|Any CPU
		{9269829C-3B10-4C27-8532-A12FD0F5E62E}.Debug|x64.Build.0 = Debug|Any CPU
		{9269829C-3B10-4C27-8532-A12FD0F5E62E}.Debug|x86.ActiveCfg = Debug|Any CPU
		{9269829C-3B10-4C27-8532-A12FD0F5E62E}.Debug|x86.Build.0 = Debug|Any CPU
		{9269829C-3B10-4C27-8532-A12FD0F5E62E}.Release|Any CPU.ActiveCfg = Release|Any CPU
		{9269829C-3B10-4C27-8532-A12FD0F5E62E}.Release|Any CPU.Build.0 = Release|Any CPU
		{9269829C-3B10-4C27-8532-A12FD0F5E62E}.Release|ARM.ActiveCfg = Release|Any CPU
		{9269829C-3B10-4C27-8532-A12FD0F5E62E}.Release|ARM.Build.0 = Release|Any CPU
		{9269829C-3B10-4C27-8532-A12FD0F5E62E}.Release|ARM64.ActiveCfg = Release|Any CPU
		{9269829C-3B10-4C27-8532-A12FD0F5E62E}.Release|ARM64.Build.0 = Release|Any CPU
		{9269829C-3B10-4C27-8532-A12FD0F5E62E}.Release|x64.ActiveCfg = Release|Any CPU
		{9269829C-3B10-4C27-8532-A12FD0F5E62E}.Release|x64.Build.0 = Release|Any CPU
		{9269829C-3B10-4C27-8532-A12FD0F5E62E}.Release|x86.ActiveCfg = Release|Any CPU
		{9269829C-3B10-4C27-8532-A12FD0F5E62E}.Release|x86.Build.0 = Release|Any CPU
		{2FB33153-0998-42DD-87D0-7EA64BC928B5}.Debug|Any CPU.ActiveCfg = Debug|Any CPU
		{2FB33153-0998-42DD-87D0-7EA64BC928B5}.Debug|Any CPU.Build.0 = Debug|Any CPU
		{2FB33153-0998-42DD-87D0-7EA64BC928B5}.Debug|ARM.ActiveCfg = Debug|Any CPU
		{2FB33153-0998-42DD-87D0-7EA64BC928B5}.Debug|ARM.Build.0 = Debug|Any CPU
		{2FB33153-0998-42DD-87D0-7EA64BC928B5}.Debug|ARM64.ActiveCfg = Debug|Any CPU
		{2FB33153-0998-42DD-87D0-7EA64BC928B5}.Debug|ARM64.Build.0 = Debug|Any CPU
		{2FB33153-0998-42DD-87D0-7EA64BC928B5}.Debug|x64.ActiveCfg = Debug|Any CPU
		{2FB33153-0998-42DD-87D0-7EA64BC928B5}.Debug|x64.Build.0 = Debug|Any CPU
		{2FB33153-0998-42DD-87D0-7EA64BC928B5}.Debug|x86.ActiveCfg = Debug|Any CPU
		{2FB33153-0998-42DD-87D0-7EA64BC928B5}.Debug|x86.Build.0 = Debug|Any CPU
		{2FB33153-0998-42DD-87D0-7EA64BC928B5}.Release|Any CPU.ActiveCfg = Release|Any CPU
		{2FB33153-0998-42DD-87D0-7EA64BC928B5}.Release|Any CPU.Build.0 = Release|Any CPU
		{2FB33153-0998-42DD-87D0-7EA64BC928B5}.Release|ARM.ActiveCfg = Release|Any CPU
		{2FB33153-0998-42DD-87D0-7EA64BC928B5}.Release|ARM.Build.0 = Release|Any CPU
		{2FB33153-0998-42DD-87D0-7EA64BC928B5}.Release|ARM64.ActiveCfg = Release|Any CPU
		{2FB33153-0998-42DD-87D0-7EA64BC928B5}.Release|ARM64.Build.0 = Release|Any CPU
		{2FB33153-0998-42DD-87D0-7EA64BC928B5}.Release|x64.ActiveCfg = Release|Any CPU
		{2FB33153-0998-42DD-87D0-7EA64BC928B5}.Release|x64.Build.0 = Release|Any CPU
		{2FB33153-0998-42DD-87D0-7EA64BC928B5}.Release|x86.ActiveCfg = Release|Any CPU
		{2FB33153-0998-42DD-87D0-7EA64BC928B5}.Release|x86.Build.0 = Release|Any CPU
	EndGlobalSection
	GlobalSection(SolutionProperties) = preSolution
		HideSolutionNode = FALSE
	EndGlobalSection
	GlobalSection(ExtensibilityGlobals) = postSolution
		SolutionGuid = {3C341A97-F1C4-446E-94B6-A2C9216A0560}
	EndGlobalSection
EndGlobal
